# THIS IS AN AUTOGENERATED FILE. DO NOT EDIT THIS FILE DIRECTLY.
# yarn lockfile v1


debug@^2.6.8:
  version "2.6.8"
  resolved "https://registry.yarnpkg.com/debug/-/debug-2.6.8.tgz#e731531ca2ede27d188222427da17821d68ff4fc"
  dependencies:
    ms "2.0.0"

graphql-iso-date@^3.2.0:
  version "3.2.0"
  resolved "https://registry.yarnpkg.com/graphql-iso-date/-/graphql-iso-date-3.2.0.tgz#21f9352d165e624599ec4ea249e806966197f1dc"

graphql-type-json@^0.1.4:
  version "0.1.4"
  resolved "https://registry.yarnpkg.com/graphql-type-json/-/graphql-type-json-0.1.4.tgz#89f13f5d32ce08c9a76c79fdf9c1968384d81a4e"

lru-cache@4.1.1:
  version "4.1.1"
  resolved "https://registry.yarnpkg.com/lru-cache/-/lru-cache-4.1.1.tgz#622e32e82488b49279114a4f9ecf45e7cd6bba55"
  dependencies:
    pseudomap "^1.0.2"
    yallist "^2.1.2"

ms@2.0.0:
  version "2.0.0"
  resolved "https://registry.yarnpkg.com/ms/-/ms-2.0.0.tgz#5608aeadfc00be6c2901df5f9861788de0d597c8"

pg-range-parser@^1.0.0:
  version "1.0.0"
  resolved "https://registry.yarnpkg.com/pg-range-parser/-/pg-range-parser-1.0.0.tgz#561e8c4c3dee98a1caa8288c5c7e4300861819bb"

pluralize@^5.0.0:
  version "5.0.0"
  resolved "https://registry.yarnpkg.com/pluralize/-/pluralize-5.0.0.tgz#e8b9073af9a0cb02e4c2efa95b55bebbdbf01299"

pseudomap@^1.0.2:
  version "1.0.2"
  resolved "https://registry.yarnpkg.com/pseudomap/-/pseudomap-1.0.2.tgz#f052a28da70e618917ef0a8ac34c1ae5a68286b3"

yallist@^2.1.2:
  version "2.1.2"
  resolved "https://registry.yarnpkg.com/yallist/-/yallist-2.1.2.tgz#1c11f9218f076089a47dd512f93c6699a6a81d52"
